# This file is autogenerated, do not edit; changes may be undone by the next 'dep ensure'.


[[projects]]
  digest = "1:76dc72490af7174349349838f2fe118996381b31ea83243812a97e5a0fd5ed55"
  name = "github.com/dgrijalva/jwt-go"
  packages = ["."]
  pruneopts = "UT"
  revision = "06ea1031745cb8b3dab3f6a236daf2b0aa468b7e"
  version = "v3.2.0"

[[projects]]
  digest = "1:e3b25b60c5598d88c45b25d85a76816d0a81fc3fd46c00791136614c1183fc0b"
  name = "github.com/go-sql-driver/mysql"
  packages = ["."]
  pruneopts = "UT"
  revision = "bcc459a906419e2890a50fc2c99ea6dd927a88f2"
  version = "v1.6.0"

[[projects]]
  digest = "1:efd601ad1d1189884f37ed075fadb5bbd17f1f5acf5862827247c6da56d125ba"
  name = "github.com/labstack/echo"
  packages = [
    ".",
    "middleware",
  ]
  pruneopts = "UT"
  revision = "38772c686c76b501f94bd6cd5b77f5842e93b559"
  version = "v3.3.10"

[[projects]]
  digest = "1:e8e65826d60fd82637fb9df06ecd651191b599f4a8f72b86362012f288778320"
  name = "github.com/labstack/gommon"
  packages = [
    "bytes",
    "color",
    "log",
    "random",
  ]
  pruneopts = "UT"
  revision = "8c098ec745a2e2f9d05aaa55feb380724e9f60a1"
  version = "v0.3.1"

[[projects]]
  digest = "1:bfd19f00967e10367aaaf4b09545873750ac3cb9762d66243e9b7954327cc113"
  name = "github.com/mattn/go-colorable"
  packages = ["."]
  pruneopts = "UT"
  revision = "e1bb79c8d53c38a60962ad4b8f658226cc983710"
  version = "v0.1.12"

[[projects]]
  digest = "1:e66bb4fe1fb8b48e9bed410b198498cef8fa6701a5e3eb0ee7f07b74153a7fbc"
  name = "github.com/mattn/go-isatty"
  packages = ["."]
  pruneopts = "UT"
  revision = "504425e14f742f1f517c4586048b49b37f829c8e"
  version = "v0.0.14"

[[projects]]
  digest = "1:dc48dff981a895912c33cf272b1d869c216d058bd4025736cb481d3ceeed6872"
  name = "github.com/tkanos/gonfig"
  packages = ["."]
  pruneopts = "UT"
  revision = "e83209aed2d171bab5ffb312a1e630110481cb99"
  version = "1.0"

[[projects]]
  digest = "1:c468422f334a6b46a19448ad59aaffdfc0a36b08fdcc1c749a0b29b6453d7e59"
  name = "github.com/valyala/bytebufferpool"
  packages = ["."]
  pruneopts = "UT"
  revision = "e746df99fe4a3986f4d4f79e13c1e0117ce9c2f7"
  version = "v1.0.0"

[[projects]]
  digest = "1:d724474523928294ece8cc97e8d2371f27c7e6d3068bfa9ace93bd3105b4fdbd"
  name = "github.com/valyala/fasttemplate"
  packages = ["."]
  pruneopts = "UT"
  revision = "2275c48ed3e40f01fa347e220be31070a89b6ad4"
  version = "v1.2.1"

[[projects]]
  branch = "master"
  digest = "1:810e66658e7a68e54e57268b08aa4331dde917a5676ab1d554a483c70529866a"
  name = "golang.org/x/crypto"
  packages = [
    "acme",
    "acme/autocert",
    "bcrypt",
    "blowfish",
  ]
  pruneopts = "UT"
  revision = "ae814b36b87190c757eede9bc2d32ed77df88551"

[[projects]]
  branch = "master"
  digest = "1:6bd1107fe417ce449104c2dedc302799e203cd16c9621b2f4de25b6250465ad5"
  name = "golang.org/x/net"
  packages = ["idna"]
  pruneopts = "UT"
  revision = "d83791d6bcd9ec2bdaacd08f4da4718370382c74"

[[projects]]
  branch = "master"
  digest = "1:076ff19c9166681b96d03f1779230798eab069063e01a562f05b88f98fc2d5b1"
  name = "golang.org/x/sys"
  packages = [
    "internal/unsafeheader",
    "unix",
  ]
  pruneopts = "UT"
  revision = "fe61309f888157de161a48facf03d9412635cffe"

[[projects]]
  digest = "1:c9f99de7a59710d6160060a62e92e3c2899174af0b60cc8f4188eb98a5a0d1e6"
  name = "golang.org/x/text"
  packages = [
    "collate",
    "collate/build",
    "internal/colltab",
    "internal/gen",
    "internal/language",
    "internal/language/compact",
    "internal/tag",
    "internal/triegen",
    "internal/ucd",
    "language",
    "secure/bidirule",
    "transform",
    "unicode/bidi",
    "unicode/cldr",
    "unicode/norm",
    "unicode/rangetable",
  ]
  pruneopts = "UT"
  revision = "383b2e75a7a4198c42f8f87833eefb772868a56f"
  version = "v0.3.7"

[solve-meta]
  analyzer-name = "dep"
  analyzer-version = 1
  input-imports = [
    "github.com/go-sql-driver/mysql",
    "github.com/labstack/echo",
    "github.com/labstack/echo/middleware",
    "github.com/tkanos/gonfig",
    "golang.org/x/crypto/bcrypt",
  ]
  solver-name = "gps-cdcl"
  solver-version = 1
